// !$*UTF8*$!
{
	archiveVersion = 1;
	classes = {
	};
	objectVersion = 46;
	objects = {

/* Begin PBXBuildFile section */
		4DC1D0971C145DEE00B5948A /* CompletionController.m in Sources */ = {isa = PBXBuildFile; fileRef = 4DC1D0961C145DEE00B5948A /* CompletionController.m */; };
		4DC1D09A1C145E0400B5948A /* Completer.swift in Sources */ = {isa = PBXBuildFile; fileRef = 4DC1D0991C145E0400B5948A /* Completer.swift */; };
		4DC1D09C1C14690300B5948A /* FileFinder.xib in Resources */ = {isa = PBXBuildFile; fileRef = 4DC1D09B1C14690300B5948A /* FileFinder.xib */; };
		4DC1D09E1C1469D700B5948A /* FindWindowController.swift in Sources */ = {isa = PBXBuildFile; fileRef = 4DC1D09D1C1469D700B5948A /* FindWindowController.swift */; };
		4DC1D0A01C1469E700B5948A /* PreferencesWindowController.swift in Sources */ = {isa = PBXBuildFile; fileRef = 4DC1D09F1C1469E700B5948A /* PreferencesWindowController.swift */; };
		4DC1D0A31C147B0900B5948A /* Preferences.xib in Resources */ = {isa = PBXBuildFile; fileRef = 4DC1D0A21C147B0900B5948A /* Preferences.xib */; };
		4DC1D0AC1C14918400B5948A /* DocumentController.mm in Sources */ = {isa = PBXBuildFile; fileRef = 4DC1D0AB1C14918400B5948A /* DocumentController.mm */; };
/* End PBXBuildFile section */

/* Begin PBXFileReference section */
		4DC1D08C1C145D9800B5948A /* TextMateSwiftCompletion.tmplugin */ = {isa = PBXFileReference; explicitFileType = wrapper.cfbundle; includeInIndex = 0; path = TextMateSwiftCompletion.tmplugin; sourceTree = BUILT_PRODUCTS_DIR; };
		4DC1D08F1C145D9800B5948A /* Info.plist */ = {isa = PBXFileReference; lastKnownFileType = text.plist.xml; path = Info.plist; sourceTree = "<group>"; };
		4DC1D0951C145DEE00B5948A /* CompletionController.h */ = {isa = PBXFileReference; fileEncoding = 4; lastKnownFileType = sourcecode.c.h; path = CompletionController.h; sourceTree = "<group>"; };
		4DC1D0961C145DEE00B5948A /* CompletionController.m */ = {isa = PBXFileReference; fileEncoding = 4; lastKnownFileType = sourcecode.c.objc; path = CompletionController.m; sourceTree = "<group>"; };
		4DC1D0981C145E0300B5948A /* TextMateSwiftCompletion-Bridging-Header.h */ = {isa = PBXFileReference; lastKnownFileType = sourcecode.c.h; path = "TextMateSwiftCompletion-Bridging-Header.h"; sourceTree = "<group>"; };
		4DC1D0991C145E0400B5948A /* Completer.swift */ = {isa = PBXFileReference; fileEncoding = 4; lastKnownFileType = sourcecode.swift; path = Completer.swift; sourceTree = "<group>"; };
		4DC1D09B1C14690300B5948A /* FileFinder.xib */ = {isa = PBXFileReference; fileEncoding = 4; lastKnownFileType = file.xib; path = FileFinder.xib; sourceTree = "<group>"; };
		4DC1D09D1C1469D700B5948A /* FindWindowController.swift */ = {isa = PBXFileReference; fileEncoding = 4; lastKnownFileType = sourcecode.swift; path = FindWindowController.swift; sourceTree = "<group>"; };
		4DC1D09F1C1469E700B5948A /* PreferencesWindowController.swift */ = {isa = PBXFileReference; fileEncoding = 4; lastKnownFileType = sourcecode.swift; path = PreferencesWindowController.swift; sourceTree = "<group>"; };
		4DC1D0A21C147B0900B5948A /* Preferences.xib */ = {isa = PBXFileReference; fileEncoding = 4; lastKnownFileType = file.xib; path = Preferences.xib; sourceTree = "<group>"; };
		4DC1D0AA1C14918400B5948A /* DocumentController.h */ = {isa = PBXFileReference; fileEncoding = 4; lastKnownFileType = sourcecode.c.h; path = DocumentController.h; sourceTree = "<group>"; };
		4DC1D0AB1C14918400B5948A /* DocumentController.mm */ = {isa = PBXFileReference; fileEncoding = 4; lastKnownFileType = sourcecode.cpp.objcpp; path = DocumentController.mm; sourceTree = "<group>"; };
		4DC1D1131C149DB000B5948A /* document.h */ = {isa = PBXFileReference; lastKnownFileType = sourcecode.c.h; path = document.h; sourceTree = "<group>"; };
/* End PBXFileReference section */

/* Begin PBXFrameworksBuildPhase section */
		4DC1D0891C145D9800B5948A /* Frameworks */ = {
			isa = PBXFrameworksBuildPhase;
			buildActionMask = 2147483647;
			files = (
			);
			runOnlyForDeploymentPostprocessing = 0;
		};
/* End PBXFrameworksBuildPhase section */

/* Begin PBXGroup section */
		4DC1D0831C145D9800B5948A = {
			isa = PBXGroup;
			children = (
				4DC1D08E1C145D9800B5948A /* TextMateSwiftCompletion */,
				4DC1D08D1C145D9800B5948A /* Products */,
			);
			sourceTree = "<group>";
		};
		4DC1D08D1C145D9800B5948A /* Products */ = {
			isa = PBXGroup;
			children = (
				4DC1D08C1C145D9800B5948A /* TextMateSwiftCompletion.tmplugin */,
			);
			name = Products;
			sourceTree = "<group>";
		};
		4DC1D08E1C145D9800B5948A /* TextMateSwiftCompletion */ = {
			isa = PBXGroup;
			children = (
				4DC1D1131C149DB000B5948A /* document.h */,
				4DC1D08F1C145D9800B5948A /* Info.plist */,
				4DC1D0951C145DEE00B5948A /* CompletionController.h */,
				4DC1D0961C145DEE00B5948A /* CompletionController.m */,
				4DC1D0991C145E0400B5948A /* Completer.swift */,
				4DC1D0981C145E0300B5948A /* TextMateSwiftCompletion-Bridging-Header.h */,
				4DC1D09B1C14690300B5948A /* FileFinder.xib */,
				4DC1D09D1C1469D700B5948A /* FindWindowController.swift */,
				4DC1D09F1C1469E700B5948A /* PreferencesWindowController.swift */,
				4DC1D0A21C147B0900B5948A /* Preferences.xib */,
				4DC1D0AA1C14918400B5948A /* DocumentController.h */,
				4DC1D0AB1C14918400B5948A /* DocumentController.mm */,
			);
			path = TextMateSwiftCompletion;
			sourceTree = "<group>";
		};
/* End PBXGroup section */

/* Begin PBXNativeTarget section */
		4DC1D08B1C145D9800B5948A /* TextMateSwiftCompletion */ = {
			isa = PBXNativeTarget;
			buildConfigurationList = 4DC1D0921C145D9800B5948A /* Build configuration list for PBXNativeTarget "TextMateSwiftCompletion" */;
			buildPhases = (
				4DC1D0881C145D9800B5948A /* Sources */,
				4DC1D0891C145D9800B5948A /* Frameworks */,
				4DC1D08A1C145D9800B5948A /* Resources */,
				4DC1D0A11C146D6700B5948A /* ShellScript */,
			);
			buildRules = (
			);
			dependencies = (
			);
			name = TextMateSwiftCompletion;
			productName = TextMateSwiftCompletion;
			productReference = 4DC1D08C1C145D9800B5948A /* TextMateSwiftCompletion.tmplugin */;
			productType = "com.apple.product-type.bundle";
		};
/* End PBXNativeTarget section */

/* Begin PBXProject section */
		4DC1D0841C145D9800B5948A /* Project object */ = {
			isa = PBXProject;
			attributes = {
				LastUpgradeCheck = 0710;
				ORGANIZATIONNAME = "Benedikt Terhechte";
				TargetAttributes = {
					4DC1D08B1C145D9800B5948A = {
						CreatedOnToolsVersion = 7.1.1;
					};
				};
			};
			buildConfigurationList = 4DC1D0871C145D9800B5948A /* Build configuration list for PBXProject "TextMateSwiftCompletion" */;
			compatibilityVersion = "Xcode 3.2";
			developmentRegion = English;
			hasScannedForEncodings = 0;
			knownRegions = (
				en,
			);
			mainGroup = 4DC1D0831C145D9800B5948A;
			productRefGroup = 4DC1D08D1C145D9800B5948A /* Products */;
			projectDirPath = "";
			projectRoot = "";
			targets = (
				4DC1D08B1C145D9800B5948A /* TextMateSwiftCompletion */,
			);
		};
/* End PBXProject section */

/* Begin PBXResourcesBuildPhase section */
		4DC1D08A1C145D9800B5948A /* Resources */ = {
			isa = PBXResourcesBuildPhase;
			buildActionMask = 2147483647;
			files = (
				4DC1D0A31C147B0900B5948A /* Preferences.xib in Resources */,
				4DC1D09C1C14690300B5948A /* FileFinder.xib in Resources */,
			);
			runOnlyForDeploymentPostprocessing = 0;
		};
/* End PBXResourcesBuildPhase section */

/* Begin PBXShellScriptBuildPhase section */
		4DC1D0A11C146D6700B5948A /* ShellScript */ = {
			isa = PBXShellScriptBuildPhase;
			buildActionMask = 2147483647;
			files = (
			);
			inputPaths = (
			);
			outputPaths = (
			);
			runOnlyForDeploymentPostprocessing = 0;
			shellPath = /bin/sh;
			shellScript = "pkill TextMate\ncp -R ${TARGET_BUILD_DIR}/TextMateSwiftCompletion.tmplugin ~/Library/Application\\ Support/TextMate/PlugIns/";
		};
/* End PBXShellScriptBuildPhase section */

/* Begin PBXSourcesBuildPhase section */
		4DC1D0881C145D9800B5948A /* Sources */ = {
			isa = PBXSourcesBuildPhase;
			buildActionMask = 2147483647;
			files = (
				4DC1D0971C145DEE00B5948A /* CompletionController.m in Sources */,
				4DC1D09E1C1469D700B5948A /* FindWindowController.swift in Sources */,
				4DC1D0AC1C14918400B5948A /* DocumentController.mm in Sources */,
				4DC1D0A01C1469E700B5948A /* PreferencesWindowController.swift in Sources */,
				4DC1D09A1C145E0400B5948A /* Completer.swift in Sources */,
			);
			runOnlyForDeploymentPostprocessing = 0;
		};
/* End PBXSourcesBuildPhase section */

/* Begin XCBuildConfiguration section */
		4DC1D0901C145D9800B5948A /* Debug */ = {
			isa = XCBuildConfiguration;
			buildSettings = {
				ALWAYS_SEARCH_USER_PATHS = NO;
				CLANG_CXX_LANGUAGE_STANDARD = "gnu++0x";
				CLANG_CXX_LIBRARY = "libc++";
				CLANG_ENABLE_MODULES = YES;
				CLANG_ENABLE_OBJC_ARC = YES;
				CLANG_WARN_BOOL_CONVERSION = YES;
				CLANG_WARN_CONSTANT_CONVERSION = YES;
				CLANG_WARN_DIRECT_OBJC_ISA_USAGE = YES_ERROR;
				CLANG_WARN_EMPTY_BODY = YES;
				CLANG_WARN_ENUM_CONVERSION = YES;
				CLANG_WARN_INT_CONVERSION = YES;
				CLANG_WARN_OBJC_ROOT_CLASS = YES_ERROR;
				CLANG_WARN_UNREACHABLE_CODE = YES;
				CLANG_WARN__DUPLICATE_METHOD_MATCH = YES;
				CODE_SIGN_IDENTITY = "-";
				COPY_PHASE_STRIP = NO;
				DEBUG_INFORMATION_FORMAT = dwarf;
				ENABLE_STRICT_OBJC_MSGSEND = YES;
				ENABLE_TESTABILITY = YES;
				GCC_C_LANGUAGE_STANDARD = gnu99;
				GCC_DYNAMIC_NO_PIC = NO;
				GCC_NO_COMMON_BLOCKS = YES;
				GCC_OPTIMIZATION_LEVEL = 0;
				GCC_PREPROCESSOR_DEFINITIONS = (
					"DEBUG=1",
					"$(inherited)",
				);
				GCC_WARN_64_TO_32_BIT_CONVERSION = YES;
				GCC_WARN_ABOUT_RETURN_TYPE = YES_ERROR;
				GCC_WARN_UNDECLARED_SELECTOR = YES;
				GCC_WARN_UNINITIALIZED_AUTOS = YES_AGGRESSIVE;
				GCC_WARN_UNUSED_FUNCTION = YES;
				GCC_WARN_UNUSED_VARIABLE = YES;
				MACOSX_DEPLOYMENT_TARGET = 10.11;
				MTL_ENABLE_DEBUG_INFO = YES;
				ONLY_ACTIVE_ARCH = YES;
				SDKROOT = macosx;
			};
			name = Debug;
		};
		4DC1D0911C145D9800B5948A /* Release */ = {
			isa = XCBuildConfiguration;
			buildSettings = {
				ALWAYS_SEARCH_USER_PATHS = NO;
				CLANG_CXX_LANGUAGE_STANDARD = "gnu++0x";
				CLANG_CXX_LIBRARY = "libc++";
				CLANG_ENABLE_MODULES = YES;
				CLANG_ENABLE_OBJC_ARC = YES;
				CLANG_WARN_BOOL_CONVERSION = YES;
				CLANG_WARN_CONSTANT_CONVERSION = YES;
				CLANG_WARN_DIRECT_OBJC_ISA_USAGE = YES_ERROR;
				CLANG_WARN_EMPTY_BODY = YES;
				CLANG_WARN_ENUM_CONVERSION = YES;
				CLANG_WARN_INT_CONVERSION = YES;
				CLANG_WARN_OBJC_ROOT_CLASS = YES_ERROR;
				CLANG_WARN_UNREACHABLE_CODE = YES;
				CLANG_WARN__DUPLICATE_METHOD_MATCH = YES;
				CODE_SIGN_IDENTITY = "-";
				COPY_PHASE_STRIP = NO;
				DEBUG_INFORMATION_FORMAT = "dwarf-with-dsym";
				ENABLE_NS_ASSERTIONS = NO;
				ENABLE_STRICT_OBJC_MSGSEND = YES;
				GCC_C_LANGUAGE_STANDARD = gnu99;
				GCC_NO_COMMON_BLOCKS = YES;
				GCC_WARN_64_TO_32_BIT_CONVERSION = YES;
				GCC_WARN_ABOUT_RETURN_TYPE = YES_ERROR;
				GCC_WARN_UNDECLARED_SELECTOR = YES;
				GCC_WARN_UNINITIALIZED_AUTOS = YES_AGGRESSIVE;
				GCC_WARN_UNUSED_FUNCTION = YES;
				GCC_WARN_UNUSED_VARIABLE = YES;
				MACOSX_DEPLOYMENT_TARGET = 10.11;
				MTL_ENABLE_DEBUG_INFO = NO;
				SDKROOT = macosx;
			};
			name = Release;
		};
		4DC1D0931C145D9800B5948A /* Debug */ = {
			isa = XCBuildConfiguration;
			buildSettings = {
				CLANG_ENABLE_MODULES = YES;
				COMBINE_HIDPI_IMAGES = YES;
				EMBEDDED_CONTENT_CONTAINS_SWIFT = YES;
				FRAMEWORK_SEARCH_PATHS = /Applications/TextMate.app/Contents/Frameworks;
				GENERATE_MASTER_OBJECT_FILE = NO;
				INFOPLIST_FILE = TextMateSwiftCompletion/Info.plist;
				INSTALL_PATH = "$(LOCAL_LIBRARY_DIR)/Bundles";
				KEEP_PRIVATE_EXTERNS = NO;
				LD_RUNPATH_SEARCH_PATHS = "$(inherited) @executable_path/../Frameworks @loader_path/../Frameworks";
				LIBRARY_SEARCH_PATHS = (
					"$(inherited)",
					"$(PROJECT_DIR)/TextMateSwiftCompletion",
					/Applications/TextMate.app/Contents/Frameworks,
				);
				OTHER_LDFLAGS = (
					"-undefined",
					dynamic_lookup,
				);
				PRODUCT_BUNDLE_IDENTIFIER = com.stylemac.TextMateSwiftCompletion;
				PRODUCT_NAME = "$(TARGET_NAME)";
				SKIP_INSTALL = YES;
				SWIFT_OBJC_BRIDGING_HEADER = "TextMateSwiftCompletion/TextMateSwiftCompletion-Bridging-Header.h";
				SWIFT_OPTIMIZATION_LEVEL = "-Onone";
				WRAPPER_EXTENSION = tmplugin;
			};
			name = Debug;
		};
		4DC1D0941C145D9800B5948A /* Release */ = {
			isa = XCBuildConfiguration;
			buildSettings = {
				CLANG_ENABLE_MODULES = YES;
				COMBINE_HIDPI_IMAGES = YES;
				EMBEDDED_CONTENT_CONTAINS_SWIFT = YES;
				FRAMEWORK_SEARCH_PATHS = /Applications/TextMate.app/Contents/Frameworks;
				GENERATE_MASTER_OBJECT_FILE = NO;
				INFOPLIST_FILE = TextMateSwiftCompletion/Info.plist;
				INSTALL_PATH = "$(LOCAL_LIBRARY_DIR)/Bundles";
				KEEP_PRIVATE_EXTERNS = NO;
				LD_RUNPATH_SEARCH_PATHS = "$(inherited) @executable_path/../Frameworks @loader_path/../Frameworks";
				LIBRARY_SEARCH_PATHS = (
					"$(inherited)",
					"$(PROJECT_DIR)/TextMateSwiftCompletion",
					/Applications/TextMate.app/Contents/Frameworks,
				);
				OTHER_LDFLAGS = (
					"-undefined",
					dynamic_lookup,
				);
				PRODUCT_BUNDLE_IDENTIFIER = com.stylemac.TextMateSwiftCompletion;
				PRODUCT_NAME = "$(TARGET_NAME)";
				SKIP_INSTALL = YES;
				SWIFT_OBJC_BRIDGING_HEADER = "TextMateSwiftCompletion/TextMateSwiftCompletion-Bridging-Header.h";
				WRAPPER_EXTENSION = tmplugin;
			};
			name = Release;
		};
/* End XCBuildConfiguration section */

/* Begin XCConfigurationList section */
		4DC1D0871C145D9800B5948A /* Build configuration list for PBXProject "TextMateSwiftCompletion" */ = {
			isa = XCConfigurationList;
			buildConfigurations = (
				4DC1D0901C145D9800B5948A /* Debug */,
				4DC1D0911C145D9800B5948A /* Release */,
			);
			defaultConfigurationIsVisible = 0;
			defaultConfigurationName = Release;
		};
		4DC1D0921C145D9800B5948A /* Build configuration list for PBXNativeTarget "TextMateSwiftCompletion" */ = {
			isa = XCConfigurationList;
			buildConfigurations = (
				4DC1D0931C145D9800B5948A /* Debug */,
				4DC1D0941C145D9800B5948A /* Release */,
			);
			defaultConfigurationIsVisible = 0;
		};
/* End XCConfigurationList section */
	};
	rootObject = 4DC1D0841C145D9800B5948A /* Project object */;
}
